
Microsoft Visual Studio Solution File, Format Version 12.00
# Visual Studio Version 16
VisualStudioVersion = 16.0.29728.190
MinimumVisualStudioVersion = 10.0.40219.1
Project("{FAE04EC0-301F-11D3-BF4B-00C04F79EFBC}") = "SimpleMVC", "SimpleMVC\SimpleMVC.csproj", "{BC84FD7B-5DA1-43A0-88C1-24D624B09633}"
EndProject
Project("{FAE04EC0-301F-11D3-BF4B-00C04F79EFBC}") = "SImpleMVC.Test", "SImpleMVC.Test\SImpleMVC.Test.csproj", "{55CA924F-3A32-4E85-87FB-48CA35B4893C}"
EndProject
Project("{2150E333-8FDC-42A3-9474-1A3956D46DE8}") = "Solution Items", "Solution Items", "{BCBDE4C6-D2E8-4055-BAB6-1D9705F2D0CB}"
	ProjectSection(SolutionItems) = preProject
		azure-pipelines.yml = azure-pipelines.yml
	EndProjectSection
EndProject
Global
	GlobalSection(SolutionConfigurationPlatforms) = preSolution
		Debug|Any CPU = Debug|Any CPU
		Release|Any CPU = Release|Any CPU
	EndGlobalSection
	GlobalSection(ProjectConfigurationPlatforms) = postSolution
		{BC84FD7B-5DA1-43A0-88C1-24D624B09633}.Debug|Any CPU.ActiveCfg = Debug|Any CPU
		{BC84FD7B-5DA1-43A0-88C1-24D624B09633}.Debug|Any CPU.Build.0 = Debug|Any CPU
		{BC84FD7B-5DA1-43A0-88C1-24D624B09633}.Release|Any CPU.ActiveCfg = Release|Any CPU
		{BC84FD7B-5DA1-43A0-88C1-24D624B09633}.Release|Any CPU.Build.0 = Release|Any CPU
		{55CA924F-3A32-4E85-87FB-48CA35B4893C}.Debug|Any CPU.ActiveCfg = Debug|Any CPU
		{55CA924F-3A32-4E85-87FB-48CA35B4893C}.Debug|Any CPU.Build.0 = Debug|Any CPU
		{55CA924F-3A32-4E85-87FB-48CA35B4893C}.Release|Any CPU.ActiveCfg = Release|Any CPU
		{55CA924F-3A32-4E85-87FB-48CA35B4893C}.Release|Any CPU.Build.0 = Release|Any CPU
	EndGlobalSection
	GlobalSection(SolutionProperties) = preSolution
		HideSolutionNode = FALSE
	EndGlobalSection
	GlobalSection(ExtensibilityGlobals) = postSolution
		SolutionGuid = {A313F3F1-692B-4964-8C7E-4C8FA23E4F4C}
	EndGlobalSection
EndGlobal
